
Microsoft Visual Studio Solution File, Format Version 12.00
# Visual Studio Version 16
VisualStudioVersion = 16.0.31005.135
MinimumVisualStudioVersion = 10.0.40219.1
Project("{FAE04EC0-301F-11D3-BF4B-00C04F79EFBC}") = "FillWords.Logic", "FillWords\FillWords.Logic.csproj", "{22A51D9F-0835-42D9-8972-91AB8F36D3C4}"
EndProject
Project("{9A19103F-16F7-4668-BE54-9A1E7A4F7556}") = "FillWords.Console", "Fillwords.Console\FillWords.Console.csproj", "{106E36F8-77D8-40DA-A2D3-BE208CA53EEA}"
EndProject
Global
	GlobalSection(SolutionConfigurationPlatforms) = preSolution
		Debug|Any CPU = Debug|Any CPU
		Release|Any CPU = Release|Any CPU
	EndGlobalSection
	GlobalSection(ProjectConfigurationPlatforms) = postSolution
		{22A51D9F-0835-42D9-8972-91AB8F36D3C4}.Debug|Any CPU.ActiveCfg = Debug|Any CPU
		{22A51D9F-0835-42D9-8972-91AB8F36D3C4}.Debug|Any CPU.Build.0 = Debug|Any CPU
		{22A51D9F-0835-42D9-8972-91AB8F36D3C4}.Release|Any CPU.ActiveCfg = Release|Any CPU
		{22A51D9F-0835-42D9-8972-91AB8F36D3C4}.Release|Any CPU.Build.0 = Release|Any CPU
		{106E36F8-77D8-40DA-A2D3-BE208CA53EEA}.Debug|Any CPU.ActiveCfg = Debug|Any CPU
		{106E36F8-77D8-40DA-A2D3-BE208CA53EEA}.Debug|Any CPU.Build.0 = Debug|Any CPU
		{106E36F8-77D8-40DA-A2D3-BE208CA53EEA}.Release|Any CPU.ActiveCfg = Release|Any CPU
		{106E36F8-77D8-40DA-A2D3-BE208CA53EEA}.Release|Any CPU.Build.0 = Release|Any CPU
	EndGlobalSection
	GlobalSection(SolutionProperties) = preSolution
		HideSolutionNode = FALSE
	EndGlobalSection
	GlobalSection(ExtensibilityGlobals) = postSolution
		SolutionGuid = {717195B3-4F58-4D4E-89A4-A6E762C5DA67}
	EndGlobalSection
EndGlobal
